
Microsoft Visual Studio Solution File, Format Version 12.00
# Visual Studio 2012
Project("{FAE04EC0-301F-11D3-BF4B-00C04F79EFBC}") = "DiagonalDiff", "DiagonalDiff\DiagonalDiff.csproj", "{15CCA8F9-7B3A-47DD-8ADA-157E0B42EDFE}"
EndProject
Project("{FAE04EC0-301F-11D3-BF4B-00C04F79EFBC}") = "HackerRank", "HackerRank\HackerRank.csproj", "{C40BB052-8438-4BEA-8834-61BAE9D5EFD7}"
EndProject
Project("{2150E333-8FDC-42A3-9474-1A3956D46DE8}") = "Problems", "Problems", "{98BE1B48-4A99-4B51-B918-9489E5A5B61C}"
EndProject
Project("{FAE04EC0-301F-11D3-BF4B-00C04F79EFBC}") = "UptopianTree", "UptopianTree\UptopianTree.csproj", "{16E10EFF-24C0-40A7-AD29-28A1E261AC07}"
EndProject
Project("{FAE04EC0-301F-11D3-BF4B-00C04F79EFBC}") = "TheGridSearch", "TheGridSearch\TheGridSearch.csproj", "{A91568C0-4476-45BF-BA2D-4E67CDE163F6}"
EndProject
Project("{FAE04EC0-301F-11D3-BF4B-00C04F79EFBC}") = "CutTheSticks", "CutTheSticks\CutTheSticks.csproj", "{811789A6-BA19-4671-ABA4-6F37C807FC84}"
EndProject
Project("{FAE04EC0-301F-11D3-BF4B-00C04F79EFBC}") = "CamelCase", "CamelCase\CamelCase.csproj", "{8CE3E6D4-E196-4346-A2DD-2069CC1F6E72}"
EndProject
Project("{FAE04EC0-301F-11D3-BF4B-00C04F79EFBC}") = "String Construction", "String Construction\String Construction.csproj", "{FC30B5BC-A6FF-43B5-A1C3-C8AE22B21010}"
EndProject
Project("{FAE04EC0-301F-11D3-BF4B-00C04F79EFBC}") = "MagicSquareForming", "MagicSquareForming\MagicSquareForming.csproj", "{240A1A7D-DF36-4048-8317-13EF7796FE97}"
EndProject
Project("{FAE04EC0-301F-11D3-BF4B-00C04F79EFBC}") = "AntiPrime", "AntiPrime\AntiPrime.csproj", "{553BF193-4C89-4FA3-B2EE-7CEEAC91F2B5}"
EndProject
Project("{FAE04EC0-301F-11D3-BF4B-00C04F79EFBC}") = "euler1", "euler1\euler1.csproj", "{9FF8038F-B24A-43C2-9F56-53150658B9BF}"
EndProject
Project("{FAE04EC0-301F-11D3-BF4B-00C04F79EFBC}") = "Make10Bubbles", "Make10Bubbles\Make10Bubbles.csproj", "{9634AA86-E144-4802-A685-2BD605750C04}"
EndProject
Global
	GlobalSection(SubversionScc) = preSolution
		Svn-Managed = True
		Manager = AnkhSVN - Subversion Support for Visual Studio
	EndGlobalSection
	GlobalSection(SolutionConfigurationPlatforms) = preSolution
		Debug|Any CPU = Debug|Any CPU
		Release|Any CPU = Release|Any CPU
	EndGlobalSection
	GlobalSection(ProjectConfigurationPlatforms) = postSolution
		{15CCA8F9-7B3A-47DD-8ADA-157E0B42EDFE}.Debug|Any CPU.ActiveCfg = Debug|Any CPU
		{15CCA8F9-7B3A-47DD-8ADA-157E0B42EDFE}.Debug|Any CPU.Build.0 = Debug|Any CPU
		{15CCA8F9-7B3A-47DD-8ADA-157E0B42EDFE}.Release|Any CPU.ActiveCfg = Release|Any CPU
		{15CCA8F9-7B3A-47DD-8ADA-157E0B42EDFE}.Release|Any CPU.Build.0 = Release|Any CPU
		{C40BB052-8438-4BEA-8834-61BAE9D5EFD7}.Debug|Any CPU.ActiveCfg = Debug|Any CPU
		{C40BB052-8438-4BEA-8834-61BAE9D5EFD7}.Debug|Any CPU.Build.0 = Debug|Any CPU
		{C40BB052-8438-4BEA-8834-61BAE9D5EFD7}.Release|Any CPU.ActiveCfg = Release|Any CPU
		{C40BB052-8438-4BEA-8834-61BAE9D5EFD7}.Release|Any CPU.Build.0 = Release|Any CPU
		{16E10EFF-24C0-40A7-AD29-28A1E261AC07}.Debug|Any CPU.ActiveCfg = Debug|Any CPU
		{16E10EFF-24C0-40A7-AD29-28A1E261AC07}.Debug|Any CPU.Build.0 = Debug|Any CPU
		{16E10EFF-24C0-40A7-AD29-28A1E261AC07}.Release|Any CPU.ActiveCfg = Release|Any CPU
		{16E10EFF-24C0-40A7-AD29-28A1E261AC07}.Release|Any CPU.Build.0 = Release|Any CPU
		{A91568C0-4476-45BF-BA2D-4E67CDE163F6}.Debug|Any CPU.ActiveCfg = Debug|Any CPU
		{A91568C0-4476-45BF-BA2D-4E67CDE163F6}.Debug|Any CPU.Build.0 = Debug|Any CPU
		{A91568C0-4476-45BF-BA2D-4E67CDE163F6}.Release|Any CPU.ActiveCfg = Release|Any CPU
		{A91568C0-4476-45BF-BA2D-4E67CDE163F6}.Release|Any CPU.Build.0 = Release|Any CPU
		{811789A6-BA19-4671-ABA4-6F37C807FC84}.Debug|Any CPU.ActiveCfg = Debug|Any CPU
		{811789A6-BA19-4671-ABA4-6F37C807FC84}.Debug|Any CPU.Build.0 = Debug|Any CPU
		{811789A6-BA19-4671-ABA4-6F37C807FC84}.Release|Any CPU.ActiveCfg = Release|Any CPU
		{811789A6-BA19-4671-ABA4-6F37C807FC84}.Release|Any CPU.Build.0 = Release|Any CPU
		{8CE3E6D4-E196-4346-A2DD-2069CC1F6E72}.Debug|Any CPU.ActiveCfg = Debug|Any CPU
		{8CE3E6D4-E196-4346-A2DD-2069CC1F6E72}.Debug|Any CPU.Build.0 = Debug|Any CPU
		{8CE3E6D4-E196-4346-A2DD-2069CC1F6E72}.Release|Any CPU.ActiveCfg = Release|Any CPU
		{8CE3E6D4-E196-4346-A2DD-2069CC1F6E72}.Release|Any CPU.Build.0 = Release|Any CPU
		{FC30B5BC-A6FF-43B5-A1C3-C8AE22B21010}.Debug|Any CPU.ActiveCfg = Debug|Any CPU
		{FC30B5BC-A6FF-43B5-A1C3-C8AE22B21010}.Debug|Any CPU.Build.0 = Debug|Any CPU
		{FC30B5BC-A6FF-43B5-A1C3-C8AE22B21010}.Release|Any CPU.ActiveCfg = Release|Any CPU
		{FC30B5BC-A6FF-43B5-A1C3-C8AE22B21010}.Release|Any CPU.Build.0 = Release|Any CPU
		{240A1A7D-DF36-4048-8317-13EF7796FE97}.Debug|Any CPU.ActiveCfg = Debug|Any CPU
		{240A1A7D-DF36-4048-8317-13EF7796FE97}.Debug|Any CPU.Build.0 = Debug|Any CPU
		{240A1A7D-DF36-4048-8317-13EF7796FE97}.Release|Any CPU.ActiveCfg = Release|Any CPU
		{240A1A7D-DF36-4048-8317-13EF7796FE97}.Release|Any CPU.Build.0 = Release|Any CPU
		{553BF193-4C89-4FA3-B2EE-7CEEAC91F2B5}.Debug|Any CPU.ActiveCfg = Debug|Any CPU
		{553BF193-4C89-4FA3-B2EE-7CEEAC91F2B5}.Debug|Any CPU.Build.0 = Debug|Any CPU
		{553BF193-4C89-4FA3-B2EE-7CEEAC91F2B5}.Release|Any CPU.ActiveCfg = Release|Any CPU
		{553BF193-4C89-4FA3-B2EE-7CEEAC91F2B5}.Release|Any CPU.Build.0 = Release|Any CPU
		{9FF8038F-B24A-43C2-9F56-53150658B9BF}.Debug|Any CPU.ActiveCfg = Debug|Any CPU
		{9FF8038F-B24A-43C2-9F56-53150658B9BF}.Debug|Any CPU.Build.0 = Debug|Any CPU
		{9FF8038F-B24A-43C2-9F56-53150658B9BF}.Release|Any CPU.ActiveCfg = Release|Any CPU
		{9FF8038F-B24A-43C2-9F56-53150658B9BF}.Release|Any CPU.Build.0 = Release|Any CPU
		{9634AA86-E144-4802-A685-2BD605750C04}.Debug|Any CPU.ActiveCfg = Debug|Any CPU
		{9634AA86-E144-4802-A685-2BD605750C04}.Debug|Any CPU.Build.0 = Debug|Any CPU
		{9634AA86-E144-4802-A685-2BD605750C04}.Release|Any CPU.ActiveCfg = Release|Any CPU
		{9634AA86-E144-4802-A685-2BD605750C04}.Release|Any CPU.Build.0 = Release|Any CPU
	EndGlobalSection
	GlobalSection(SolutionProperties) = preSolution
		HideSolutionNode = FALSE
	EndGlobalSection
	GlobalSection(NestedProjects) = preSolution
		{15CCA8F9-7B3A-47DD-8ADA-157E0B42EDFE} = {98BE1B48-4A99-4B51-B918-9489E5A5B61C}
		{16E10EFF-24C0-40A7-AD29-28A1E261AC07} = {98BE1B48-4A99-4B51-B918-9489E5A5B61C}
		{A91568C0-4476-45BF-BA2D-4E67CDE163F6} = {98BE1B48-4A99-4B51-B918-9489E5A5B61C}
		{811789A6-BA19-4671-ABA4-6F37C807FC84} = {98BE1B48-4A99-4B51-B918-9489E5A5B61C}
		{8CE3E6D4-E196-4346-A2DD-2069CC1F6E72} = {98BE1B48-4A99-4B51-B918-9489E5A5B61C}
		{FC30B5BC-A6FF-43B5-A1C3-C8AE22B21010} = {98BE1B48-4A99-4B51-B918-9489E5A5B61C}
		{240A1A7D-DF36-4048-8317-13EF7796FE97} = {98BE1B48-4A99-4B51-B918-9489E5A5B61C}
		{553BF193-4C89-4FA3-B2EE-7CEEAC91F2B5} = {98BE1B48-4A99-4B51-B918-9489E5A5B61C}
		{9FF8038F-B24A-43C2-9F56-53150658B9BF} = {98BE1B48-4A99-4B51-B918-9489E5A5B61C}
		{9634AA86-E144-4802-A685-2BD605750C04} = {98BE1B48-4A99-4B51-B918-9489E5A5B61C}
	EndGlobalSection
EndGlobal
